
Microsoft Visual Studio Solution File, Format Version 12.00
# Visual Studio Version 16
VisualStudioVersion = 16.0.29326.143
MinimumVisualStudioVersion = 10.0.40219.1
Project("{FAE04EC0-301F-11D3-BF4B-00C04F79EFBC}") = "VitecMV", "VitecMV\VitecMV.csproj", "{334F9070-1D80-49D8-9F6F-FA6AC3FFAF48}"
EndProject
Global
	GlobalSection(SolutionConfigurationPlatforms) = preSolution
		Debug|Any CPU = Debug|Any CPU
		Release|Any CPU = Release|Any CPU
	EndGlobalSection
	GlobalSection(ProjectConfigurationPlatforms) = postSolution
		{334F9070-1D80-49D8-9F6F-FA6AC3FFAF48}.Debug|Any CPU.ActiveCfg = Debug|Any CPU
		{334F9070-1D80-49D8-9F6F-FA6AC3FFAF48}.Debug|Any CPU.Build.0 = Debug|Any CPU
		{334F9070-1D80-49D8-9F6F-FA6AC3FFAF48}.Release|Any CPU.ActiveCfg = Release|Any CPU
		{334F9070-1D80-49D8-9F6F-FA6AC3FFAF48}.Release|Any CPU.Build.0 = Release|Any CPU
	EndGlobalSection
	GlobalSection(SolutionProperties) = preSolution
		HideSolutionNode = FALSE
	EndGlobalSection
	GlobalSection(ExtensibilityGlobals) = postSolution
		SolutionGuid = {E869847C-2261-4479-A58C-E752A4F3C92F}
	EndGlobalSection
EndGlobal
